
Microsoft Visual Studio Solution File, Format Version 12.00
# Visual Studio 15
Project("{FAE04EC0-301F-11D3-BF4B-00C04F79EFBC}") = "Assembly-CSharp", "Assembly-CSharp.csproj", "{1BA1F668-7066-7606-9629-BBCC550C586F}"
EndProject
Project("{FAE04EC0-301F-11D3-BF4B-00C04F79EFBC}") = "PhotonUnityNetworking.Demos", "PhotonUnityNetworking.Demos.csproj", "{F4C26D07-A924-4EDD-46CA-05D10F912CF9}"
EndProject
Project("{FAE04EC0-301F-11D3-BF4B-00C04F79EFBC}") = "PhotonRealtime", "PhotonRealtime.csproj", "{291E9CF8-27AF-AECB-7662-217B0C291A7A}"
EndProject
Project("{FAE04EC0-301F-11D3-BF4B-00C04F79EFBC}") = "PhotonUnityNetworking", "PhotonUnityNetworking.csproj", "{B5351C73-562D-3284-0F35-64E6F0B29129}"
EndProject
Project("{FAE04EC0-301F-11D3-BF4B-00C04F79EFBC}") = "PhotonUnityNetworking.Utilities", "PhotonUnityNetworking.Utilities.csproj", "{AE29E206-B5AF-D754-EF6C-5501AA5D7C9F}"
EndProject
Project("{FAE04EC0-301F-11D3-BF4B-00C04F79EFBC}") = "PhotonChat", "PhotonChat.csproj", "{071DD44B-1477-A232-4751-A2FDC56EB447}"
EndProject
Project("{FAE04EC0-301F-11D3-BF4B-00C04F79EFBC}") = "PhotonUnityNetworking.Editor", "PhotonUnityNetworking.Editor.csproj", "{28A73D50-97A1-037F-900A-AF9269548A43}"
EndProject
Project("{FAE04EC0-301F-11D3-BF4B-00C04F79EFBC}") = "PhotonUnityNetworking.Utilities.PhotonPlayer.Editor", "PhotonUnityNetworking.Utilities.PhotonPlayer.Editor.csproj", "{6F34E813-F0B5-230E-E758-68B2DBFF88C2}"
EndProject
Project("{FAE04EC0-301F-11D3-BF4B-00C04F79EFBC}") = "PunDemos.DemoSlotcarEditor", "PunDemos.DemoSlotcarEditor.csproj", "{8AC5BF0B-FD72-7A38-CC48-F28CECB4BB02}"
EndProject
Project("{FAE04EC0-301F-11D3-BF4B-00C04F79EFBC}") = "PhotonUnityNetworking.Utilities.Culling.Editor", "PhotonUnityNetworking.Utilities.Culling.Editor.csproj", "{2DEED773-F6D9-3CFC-FFCD-25B994A399A0}"
EndProject
Project("{FAE04EC0-301F-11D3-BF4B-00C04F79EFBC}") = "PunDemos.DemoHubEditor", "PunDemos.DemoHubEditor.csproj", "{71BA2E91-659E-6BD0-679F-27E0DA1BFB1A}"
EndProject
Project("{FAE04EC0-301F-11D3-BF4B-00C04F79EFBC}") = "Assembly-CSharp-Editor", "Assembly-CSharp-Editor.csproj", "{7A45EE35-DACC-DCDA-1067-53180ACF18A6}"
EndProject
Global
	GlobalSection(SolutionConfigurationPlatforms) = preSolution
		Debug|Any CPU = Debug|Any CPU
		Release|Any CPU = Release|Any CPU
	EndGlobalSection
	GlobalSection(ProjectConfigurationPlatforms) = postSolution
		{1BA1F668-7066-7606-9629-BBCC550C586F}.Debug|Any CPU.ActiveCfg = Debug|Any CPU
		{1BA1F668-7066-7606-9629-BBCC550C586F}.Debug|Any CPU.Build.0 = Debug|Any CPU
		{1BA1F668-7066-7606-9629-BBCC550C586F}.Release|Any CPU.ActiveCfg = Release|Any CPU
		{1BA1F668-7066-7606-9629-BBCC550C586F}.Release|Any CPU.Build.0 = Release|Any CPU
		{F4C26D07-A924-4EDD-46CA-05D10F912CF9}.Debug|Any CPU.ActiveCfg = Debug|Any CPU
		{F4C26D07-A924-4EDD-46CA-05D10F912CF9}.Debug|Any CPU.Build.0 = Debug|Any CPU
		{F4C26D07-A924-4EDD-46CA-05D10F912CF9}.Release|Any CPU.ActiveCfg = Release|Any CPU
		{F4C26D07-A924-4EDD-46CA-05D10F912CF9}.Release|Any CPU.Build.0 = Release|Any CPU
		{291E9CF8-27AF-AECB-7662-217B0C291A7A}.Debug|Any CPU.ActiveCfg = Debug|Any CPU
		{291E9CF8-27AF-AECB-7662-217B0C291A7A}.Debug|Any CPU.Build.0 = Debug|Any CPU
		{291E9CF8-27AF-AECB-7662-217B0C291A7A}.Release|Any CPU.ActiveCfg = Release|Any CPU
		{291E9CF8-27AF-AECB-7662-217B0C291A7A}.Release|Any CPU.Build.0 = Release|Any CPU
		{B5351C73-562D-3284-0F35-64E6F0B29129}.Debug|Any CPU.ActiveCfg = Debug|Any CPU
		{B5351C73-562D-3284-0F35-64E6F0B29129}.Debug|Any CPU.Build.0 = Debug|Any CPU
		{B5351C73-562D-3284-0F35-64E6F0B29129}.Release|Any CPU.ActiveCfg = Release|Any CPU
		{B5351C73-562D-3284-0F35-64E6F0B29129}.Release|Any CPU.Build.0 = Release|Any CPU
		{AE29E206-B5AF-D754-EF6C-5501AA5D7C9F}.Debug|Any CPU.ActiveCfg = Debug|Any CPU
		{AE29E206-B5AF-D754-EF6C-5501AA5D7C9F}.Debug|Any CPU.Build.0 = Debug|Any CPU
		{AE29E206-B5AF-D754-EF6C-5501AA5D7C9F}.Release|Any CPU.ActiveCfg = Release|Any CPU
		{AE29E206-B5AF-D754-EF6C-5501AA5D7C9F}.Release|Any CPU.Build.0 = Release|Any CPU
		{071DD44B-1477-A232-4751-A2FDC56EB447}.Debug|Any CPU.ActiveCfg = Debug|Any CPU
		{071DD44B-1477-A232-4751-A2FDC56EB447}.Debug|Any CPU.Build.0 = Debug|Any CPU
		{071DD44B-1477-A232-4751-A2FDC56EB447}.Release|Any CPU.ActiveCfg = Release|Any CPU
		{071DD44B-1477-A232-4751-A2FDC56EB447}.Release|Any CPU.Build.0 = Release|Any CPU
		{28A73D50-97A1-037F-900A-AF9269548A43}.Debug|Any CPU.ActiveCfg = Debug|Any CPU
		{28A73D50-97A1-037F-900A-AF9269548A43}.Debug|Any CPU.Build.0 = Debug|Any CPU
		{28A73D50-97A1-037F-900A-AF9269548A43}.Release|Any CPU.ActiveCfg = Release|Any CPU
		{28A73D50-97A1-037F-900A-AF9269548A43}.Release|Any CPU.Build.0 = Release|Any CPU
		{6F34E813-F0B5-230E-E758-68B2DBFF88C2}.Debug|Any CPU.ActiveCfg = Debug|Any CPU
		{6F34E813-F0B5-230E-E758-68B2DBFF88C2}.Debug|Any CPU.Build.0 = Debug|Any CPU
		{6F34E813-F0B5-230E-E758-68B2DBFF88C2}.Release|Any CPU.ActiveCfg = Release|Any CPU
		{6F34E813-F0B5-230E-E758-68B2DBFF88C2}.Release|Any CPU.Build.0 = Release|Any CPU
		{8AC5BF0B-FD72-7A38-CC48-F28CECB4BB02}.Debug|Any CPU.ActiveCfg = Debug|Any CPU
		{8AC5BF0B-FD72-7A38-CC48-F28CECB4BB02}.Debug|Any CPU.Build.0 = Debug|Any CPU
		{8AC5BF0B-FD72-7A38-CC48-F28CECB4BB02}.Release|Any CPU.ActiveCfg = Release|Any CPU
		{8AC5BF0B-FD72-7A38-CC48-F28CECB4BB02}.Release|Any CPU.Build.0 = Release|Any CPU
		{2DEED773-F6D9-3CFC-FFCD-25B994A399A0}.Debug|Any CPU.ActiveCfg = Debug|Any CPU
		{2DEED773-F6D9-3CFC-FFCD-25B994A399A0}.Debug|Any CPU.Build.0 = Debug|Any CPU
		{2DEED773-F6D9-3CFC-FFCD-25B994A399A0}.Release|Any CPU.ActiveCfg = Release|Any CPU
		{2DEED773-F6D9-3CFC-FFCD-25B994A399A0}.Release|Any CPU.Build.0 = Release|Any CPU
		{71BA2E91-659E-6BD0-679F-27E0DA1BFB1A}.Debug|Any CPU.ActiveCfg = Debug|Any CPU
		{71BA2E91-659E-6BD0-679F-27E0DA1BFB1A}.Debug|Any CPU.Build.0 = Debug|Any CPU
		{71BA2E91-659E-6BD0-679F-27E0DA1BFB1A}.Release|Any CPU.ActiveCfg = Release|Any CPU
		{71BA2E91-659E-6BD0-679F-27E0DA1BFB1A}.Release|Any CPU.Build.0 = Release|Any CPU
		{7A45EE35-DACC-DCDA-1067-53180ACF18A6}.Debug|Any CPU.ActiveCfg = Debug|Any CPU
		{7A45EE35-DACC-DCDA-1067-53180ACF18A6}.Debug|Any CPU.Build.0 = Debug|Any CPU
		{7A45EE35-DACC-DCDA-1067-53180ACF18A6}.Release|Any CPU.ActiveCfg = Release|Any CPU
		{7A45EE35-DACC-DCDA-1067-53180ACF18A6}.Release|Any CPU.Build.0 = Release|Any CPU
	EndGlobalSection
	GlobalSection(SolutionProperties) = preSolution
		HideSolutionNode = FALSE
	EndGlobalSection
EndGlobal
