
Microsoft Visual Studio Solution File, Format Version 11.00
# Visual Studio 2010
Project("{FAE04EC0-301F-11D3-BF4B-00C04F79EFBC}") = "Assembly-CSharp", "Assembly-CSharp.csproj", "{7cceb0c0-c850-3115-4b6c-4c113e5cbacc}"
EndProject
Project("{FAE04EC0-301F-11D3-BF4B-00C04F79EFBC}") = "PhotonUnityNetworking.Demos", "PhotonUnityNetworking.Demos.csproj", "{01b7e7e0-d08c-e361-4c06-f6c230db1546}"
EndProject
Project("{FAE04EC0-301F-11D3-BF4B-00C04F79EFBC}") = "PhotonRealtime", "PhotonRealtime.csproj", "{462dca8c-2657-43ed-2140-3a6ad3669a66}"
EndProject
Project("{FAE04EC0-301F-11D3-BF4B-00C04F79EFBC}") = "PhotonUnityNetworking", "PhotonUnityNetworking.csproj", "{1c8f8b42-c77b-0127-bfb2-c8b81eaa21cc}"
EndProject
Project("{FAE04EC0-301F-11D3-BF4B-00C04F79EFBC}") = "PhotonUnityNetworking.Utilities", "PhotonUnityNetworking.Utilities.csproj", "{4effc5e6-5431-5640-b401-b18fd2205732}"
EndProject
Project("{FAE04EC0-301F-11D3-BF4B-00C04F79EFBC}") = "PhotonChat", "PhotonChat.csproj", "{81ccfb50-0cad-ee58-346d-b2fe7fc06b13}"
EndProject
Project("{FAE04EC0-301F-11D3-BF4B-00C04F79EFBC}") = "PhotonUnityNetworking.Editor", "PhotonUnityNetworking.Editor.csproj", "{7521b836-6b4a-4def-f854-53be0a563c16}"
EndProject
Project("{FAE04EC0-301F-11D3-BF4B-00C04F79EFBC}") = "PhotonUnityNetworking.Utilities.PhotonPlayer.Editor", "PhotonUnityNetworking.Utilities.PhotonPlayer.Editor.csproj", "{dab4641f-e0e6-7871-04c8-d3138a50c7a1}"
EndProject
Project("{FAE04EC0-301F-11D3-BF4B-00C04F79EFBC}") = "PunDemos.DemoSlotcarEditor", "PunDemos.DemoSlotcarEditor.csproj", "{307074e2-3d5f-773c-5016-f49cbeba918e}"
EndProject
Project("{FAE04EC0-301F-11D3-BF4B-00C04F79EFBC}") = "PhotonUnityNetworking.Utilities.Culling.Editor", "PhotonUnityNetworking.Utilities.Culling.Editor.csproj", "{87cb434b-adc1-0c88-8c65-452157589ac1}"
EndProject
Project("{FAE04EC0-301F-11D3-BF4B-00C04F79EFBC}") = "PunDemos.DemoHubEditor", "PunDemos.DemoHubEditor.csproj", "{7e0afcda-8853-5375-7518-31e697e4cd1a}"
EndProject
Project("{FAE04EC0-301F-11D3-BF4B-00C04F79EFBC}") = "Assembly-CSharp-Editor", "Assembly-CSharp-Editor.csproj", "{7026cfde-c00a-8b79-057a-92106f9f3382}"
EndProject
Global
	GlobalSection(SolutionConfigurationPlatforms) = preSolution
		Debug|Any CPU = Debug|Any CPU
	EndGlobalSection
	GlobalSection(ProjectConfigurationPlatforms) = postSolution
		{7cceb0c0-c850-3115-4b6c-4c113e5cbacc}.Debug|Any CPU.ActiveCfg = Debug|Any CPU
		{7cceb0c0-c850-3115-4b6c-4c113e5cbacc}.Debug|Any CPU.Build.0 = Debug|Any CPU
		{01b7e7e0-d08c-e361-4c06-f6c230db1546}.Debug|Any CPU.ActiveCfg = Debug|Any CPU
		{01b7e7e0-d08c-e361-4c06-f6c230db1546}.Debug|Any CPU.Build.0 = Debug|Any CPU
		{462dca8c-2657-43ed-2140-3a6ad3669a66}.Debug|Any CPU.ActiveCfg = Debug|Any CPU
		{462dca8c-2657-43ed-2140-3a6ad3669a66}.Debug|Any CPU.Build.0 = Debug|Any CPU
		{1c8f8b42-c77b-0127-bfb2-c8b81eaa21cc}.Debug|Any CPU.ActiveCfg = Debug|Any CPU
		{1c8f8b42-c77b-0127-bfb2-c8b81eaa21cc}.Debug|Any CPU.Build.0 = Debug|Any CPU
		{4effc5e6-5431-5640-b401-b18fd2205732}.Debug|Any CPU.ActiveCfg = Debug|Any CPU
		{4effc5e6-5431-5640-b401-b18fd2205732}.Debug|Any CPU.Build.0 = Debug|Any CPU
		{81ccfb50-0cad-ee58-346d-b2fe7fc06b13}.Debug|Any CPU.ActiveCfg = Debug|Any CPU
		{81ccfb50-0cad-ee58-346d-b2fe7fc06b13}.Debug|Any CPU.Build.0 = Debug|Any CPU
		{7521b836-6b4a-4def-f854-53be0a563c16}.Debug|Any CPU.ActiveCfg = Debug|Any CPU
		{7521b836-6b4a-4def-f854-53be0a563c16}.Debug|Any CPU.Build.0 = Debug|Any CPU
		{dab4641f-e0e6-7871-04c8-d3138a50c7a1}.Debug|Any CPU.ActiveCfg = Debug|Any CPU
		{dab4641f-e0e6-7871-04c8-d3138a50c7a1}.Debug|Any CPU.Build.0 = Debug|Any CPU
		{307074e2-3d5f-773c-5016-f49cbeba918e}.Debug|Any CPU.ActiveCfg = Debug|Any CPU
		{307074e2-3d5f-773c-5016-f49cbeba918e}.Debug|Any CPU.Build.0 = Debug|Any CPU
		{87cb434b-adc1-0c88-8c65-452157589ac1}.Debug|Any CPU.ActiveCfg = Debug|Any CPU
		{87cb434b-adc1-0c88-8c65-452157589ac1}.Debug|Any CPU.Build.0 = Debug|Any CPU
		{7e0afcda-8853-5375-7518-31e697e4cd1a}.Debug|Any CPU.ActiveCfg = Debug|Any CPU
		{7e0afcda-8853-5375-7518-31e697e4cd1a}.Debug|Any CPU.Build.0 = Debug|Any CPU
		{7026cfde-c00a-8b79-057a-92106f9f3382}.Debug|Any CPU.ActiveCfg = Debug|Any CPU
		{7026cfde-c00a-8b79-057a-92106f9f3382}.Debug|Any CPU.Build.0 = Debug|Any CPU
	EndGlobalSection
	GlobalSection(SolutionProperties) = preSolution
		HideSolutionNode = FALSE
	EndGlobalSection
EndGlobal
